
Microsoft Visual Studio Solution File, Format Version 12.00
# Visual Studio 15
VisualStudioVersion = 15.0.27004.2008
MinimumVisualStudioVersion = 10.0.40219.1
Project("{FAE04EC0-301F-11D3-BF4B-00C04F79EFBC}") = "N12.Ultimo.Android", "N12.Ultimo\N12.Ultimo.Android\N12.Ultimo.Android.csproj", "{080D6569-557C-48B7-A5C4-1D8D4B961768}"
EndProject
Project("{FAE04EC0-301F-11D3-BF4B-00C04F79EFBC}") = "N12.Ultimo", "N12.Ultimo\N12.Ultimo\N12.Ultimo.csproj", "{E8F5A553-B3D0-4EF2-AF26-2882F183557D}"
EndProject
Project("{FAE04EC0-301F-11D3-BF4B-00C04F79EFBC}") = "N12.Ultimo.iOS", "N12.Ultimo\N12.Ultimo.iOS\N12.Ultimo.iOS.csproj", "{3DBC6A5B-5FB1-4A0B-A10A-F033294C8511}"
EndProject
Global
	GlobalSection(SolutionConfigurationPlatforms) = preSolution
		Ad-Hoc|Any CPU = Ad-Hoc|Any CPU
		Ad-Hoc|ARM = Ad-Hoc|ARM
		Ad-Hoc|iPhone = Ad-Hoc|iPhone
		Ad-Hoc|iPhoneSimulator = Ad-Hoc|iPhoneSimulator
		Ad-Hoc|x64 = Ad-Hoc|x64
		Ad-Hoc|x86 = Ad-Hoc|x86
		AppStore|Any CPU = AppStore|Any CPU
		AppStore|ARM = AppStore|ARM
		AppStore|iPhone = AppStore|iPhone
		AppStore|iPhoneSimulator = AppStore|iPhoneSimulator
		AppStore|x64 = AppStore|x64
		AppStore|x86 = AppStore|x86
		Debug|Any CPU = Debug|Any CPU
		Debug|ARM = Debug|ARM
		Debug|iPhone = Debug|iPhone
		Debug|iPhoneSimulator = Debug|iPhoneSimulator
		Debug|x64 = Debug|x64
		Debug|x86 = Debug|x86
		Release|Any CPU = Release|Any CPU
		Release|ARM = Release|ARM
		Release|iPhone = Release|iPhone
		Release|iPhoneSimulator = Release|iPhoneSimulator
		Release|x64 = Release|x64
		Release|x86 = Release|x86
	EndGlobalSection
	GlobalSection(ProjectConfigurationPlatforms) = postSolution
		{080D6569-557C-48B7-A5C4-1D8D4B961768}.Ad-Hoc|Any CPU.ActiveCfg = Release|Any CPU
		{080D6569-557C-48B7-A5C4-1D8D4B961768}.Ad-Hoc|Any CPU.Build.0 = Release|Any CPU
		{080D6569-557C-48B7-A5C4-1D8D4B961768}.Ad-Hoc|Any CPU.Deploy.0 = Release|Any CPU
		{080D6569-557C-48B7-A5C4-1D8D4B961768}.Ad-Hoc|ARM.ActiveCfg = Release|Any CPU
		{080D6569-557C-48B7-A5C4-1D8D4B961768}.Ad-Hoc|ARM.Build.0 = Release|Any CPU
		{080D6569-557C-48B7-A5C4-1D8D4B961768}.Ad-Hoc|ARM.Deploy.0 = Release|Any CPU
		{080D6569-557C-48B7-A5C4-1D8D4B961768}.Ad-Hoc|iPhone.ActiveCfg = Release|Any CPU
		{080D6569-557C-48B7-A5C4-1D8D4B961768}.Ad-Hoc|iPhone.Build.0 = Release|Any CPU
		{080D6569-557C-48B7-A5C4-1D8D4B961768}.Ad-Hoc|iPhone.Deploy.0 = Release|Any CPU
		{080D6569-557C-48B7-A5C4-1D8D4B961768}.Ad-Hoc|iPhoneSimulator.ActiveCfg = Release|Any CPU
		{080D6569-557C-48B7-A5C4-1D8D4B961768}.Ad-Hoc|iPhoneSimulator.Build.0 = Release|Any CPU
		{080D6569-557C-48B7-A5C4-1D8D4B961768}.Ad-Hoc|iPhoneSimulator.Deploy.0 = Release|Any CPU
		{080D6569-557C-48B7-A5C4-1D8D4B961768}.Ad-Hoc|x64.ActiveCfg = Release|Any CPU
		{080D6569-557C-48B7-A5C4-1D8D4B961768}.Ad-Hoc|x64.Build.0 = Release|Any CPU
		{080D6569-557C-48B7-A5C4-1D8D4B961768}.Ad-Hoc|x64.Deploy.0 = Release|Any CPU
		{080D6569-557C-48B7-A5C4-1D8D4B961768}.Ad-Hoc|x86.ActiveCfg = Release|Any CPU
		{080D6569-557C-48B7-A5C4-1D8D4B961768}.Ad-Hoc|x86.Build.0 = Release|Any CPU
		{080D6569-557C-48B7-A5C4-1D8D4B961768}.Ad-Hoc|x86.Deploy.0 = Release|Any CPU
		{080D6569-557C-48B7-A5C4-1D8D4B961768}.AppStore|Any CPU.ActiveCfg = Release|Any CPU
		{080D6569-557C-48B7-A5C4-1D8D4B961768}.AppStore|Any CPU.Build.0 = Release|Any CPU
		{080D6569-557C-48B7-A5C4-1D8D4B961768}.AppStore|Any CPU.Deploy.0 = Release|Any CPU
		{080D6569-557C-48B7-A5C4-1D8D4B961768}.AppStore|ARM.ActiveCfg = Release|Any CPU
		{080D6569-557C-48B7-A5C4-1D8D4B961768}.AppStore|ARM.Build.0 = Release|Any CPU
		{080D6569-557C-48B7-A5C4-1D8D4B961768}.AppStore|ARM.Deploy.0 = Release|Any CPU
		{080D6569-557C-48B7-A5C4-1D8D4B961768}.AppStore|iPhone.ActiveCfg = Release|Any CPU
		{080D6569-557C-48B7-A5C4-1D8D4B961768}.AppStore|iPhone.Build.0 = Release|Any CPU
		{080D6569-557C-48B7-A5C4-1D8D4B961768}.AppStore|iPhone.Deploy.0 = Release|Any CPU
		{080D6569-557C-48B7-A5C4-1D8D4B961768}.AppStore|iPhoneSimulator.ActiveCfg = Release|Any CPU
		{080D6569-557C-48B7-A5C4-1D8D4B961768}.AppStore|iPhoneSimulator.Build.0 = Release|Any CPU
		{080D6569-557C-48B7-A5C4-1D8D4B961768}.AppStore|iPhoneSimulator.Deploy.0 = Release|Any CPU
		{080D6569-557C-48B7-A5C4-1D8D4B961768}.AppStore|x64.ActiveCfg = Release|Any CPU
		{080D6569-557C-48B7-A5C4-1D8D4B961768}.AppStore|x64.Build.0 = Release|Any CPU
		{080D6569-557C-48B7-A5C4-1D8D4B961768}.AppStore|x64.Deploy.0 = Release|Any CPU
		{080D6569-557C-48B7-A5C4-1D8D4B961768}.AppStore|x86.ActiveCfg = Release|Any CPU
		{080D6569-557C-48B7-A5C4-1D8D4B961768}.AppStore|x86.Build.0 = Release|Any CPU
		{080D6569-557C-48B7-A5C4-1D8D4B961768}.AppStore|x86.Deploy.0 = Release|Any CPU
		{080D6569-557C-48B7-A5C4-1D8D4B961768}.Debug|Any CPU.ActiveCfg = Debug|Any CPU
		{080D6569-557C-48B7-A5C4-1D8D4B961768}.Debug|Any CPU.Build.0 = Debug|Any CPU
		{080D6569-557C-48B7-A5C4-1D8D4B961768}.Debug|Any CPU.Deploy.0 = Debug|Any CPU
		{080D6569-557C-48B7-A5C4-1D8D4B961768}.Debug|ARM.ActiveCfg = Debug|Any CPU
		{080D6569-557C-48B7-A5C4-1D8D4B961768}.Debug|ARM.Build.0 = Debug|Any CPU
		{080D6569-557C-48B7-A5C4-1D8D4B961768}.Debug|ARM.Deploy.0 = Debug|Any CPU
		{080D6569-557C-48B7-A5C4-1D8D4B961768}.Debug|iPhone.ActiveCfg = Debug|Any CPU
		{080D6569-557C-48B7-A5C4-1D8D4B961768}.Debug|iPhone.Build.0 = Debug|Any CPU
		{080D6569-557C-48B7-A5C4-1D8D4B961768}.Debug|iPhone.Deploy.0 = Debug|Any CPU
		{080D6569-557C-48B7-A5C4-1D8D4B961768}.Debug|iPhoneSimulator.ActiveCfg = Debug|Any CPU
		{080D6569-557C-48B7-A5C4-1D8D4B961768}.Debug|iPhoneSimulator.Build.0 = Debug|Any CPU
		{080D6569-557C-48B7-A5C4-1D8D4B961768}.Debug|iPhoneSimulator.Deploy.0 = Debug|Any CPU
		{080D6569-557C-48B7-A5C4-1D8D4B961768}.Debug|x64.ActiveCfg = Debug|Any CPU
		{080D6569-557C-48B7-A5C4-1D8D4B961768}.Debug|x64.Build.0 = Debug|Any CPU
		{080D6569-557C-48B7-A5C4-1D8D4B961768}.Debug|x64.Deploy.0 = Debug|Any CPU
		{080D6569-557C-48B7-A5C4-1D8D4B961768}.Debug|x86.ActiveCfg = Debug|Any CPU
		{080D6569-557C-48B7-A5C4-1D8D4B961768}.Debug|x86.Build.0 = Debug|Any CPU
		{080D6569-557C-48B7-A5C4-1D8D4B961768}.Debug|x86.Deploy.0 = Debug|Any CPU
		{080D6569-557C-48B7-A5C4-1D8D4B961768}.Release|Any CPU.ActiveCfg = Release|Any CPU
		{080D6569-557C-48B7-A5C4-1D8D4B961768}.Release|Any CPU.Build.0 = Release|Any CPU
		{080D6569-557C-48B7-A5C4-1D8D4B961768}.Release|Any CPU.Deploy.0 = Release|Any CPU
		{080D6569-557C-48B7-A5C4-1D8D4B961768}.Release|ARM.ActiveCfg = Release|Any CPU
		{080D6569-557C-48B7-A5C4-1D8D4B961768}.Release|ARM.Build.0 = Release|Any CPU
		{080D6569-557C-48B7-A5C4-1D8D4B961768}.Release|ARM.Deploy.0 = Release|Any CPU
		{080D6569-557C-48B7-A5C4-1D8D4B961768}.Release|iPhone.ActiveCfg = Release|Any CPU
		{080D6569-557C-48B7-A5C4-1D8D4B961768}.Release|iPhone.Build.0 = Release|Any CPU
		{080D6569-557C-48B7-A5C4-1D8D4B961768}.Release|iPhone.Deploy.0 = Release|Any CPU
		{080D6569-557C-48B7-A5C4-1D8D4B961768}.Release|iPhoneSimulator.ActiveCfg = Release|Any CPU
		{080D6569-557C-48B7-A5C4-1D8D4B961768}.Release|iPhoneSimulator.Build.0 = Release|Any CPU
		{080D6569-557C-48B7-A5C4-1D8D4B961768}.Release|iPhoneSimulator.Deploy.0 = Release|Any CPU
		{080D6569-557C-48B7-A5C4-1D8D4B961768}.Release|x64.ActiveCfg = Release|Any CPU
		{080D6569-557C-48B7-A5C4-1D8D4B961768}.Release|x64.Build.0 = Release|Any CPU
		{080D6569-557C-48B7-A5C4-1D8D4B961768}.Release|x64.Deploy.0 = Release|Any CPU
		{080D6569-557C-48B7-A5C4-1D8D4B961768}.Release|x86.ActiveCfg = Release|Any CPU
		{080D6569-557C-48B7-A5C4-1D8D4B961768}.Release|x86.Build.0 = Release|Any CPU
		{080D6569-557C-48B7-A5C4-1D8D4B961768}.Release|x86.Deploy.0 = Release|Any CPU
		{E8F5A553-B3D0-4EF2-AF26-2882F183557D}.Ad-Hoc|Any CPU.ActiveCfg = Release|Any CPU
		{E8F5A553-B3D0-4EF2-AF26-2882F183557D}.Ad-Hoc|Any CPU.Build.0 = Release|Any CPU
		{E8F5A553-B3D0-4EF2-AF26-2882F183557D}.Ad-Hoc|ARM.ActiveCfg = Release|Any CPU
		{E8F5A553-B3D0-4EF2-AF26-2882F183557D}.Ad-Hoc|ARM.Build.0 = Release|Any CPU
		{E8F5A553-B3D0-4EF2-AF26-2882F183557D}.Ad-Hoc|iPhone.ActiveCfg = Release|Any CPU
		{E8F5A553-B3D0-4EF2-AF26-2882F183557D}.Ad-Hoc|iPhone.Build.0 = Release|Any CPU
		{E8F5A553-B3D0-4EF2-AF26-2882F183557D}.Ad-Hoc|iPhoneSimulator.ActiveCfg = Release|Any CPU
		{E8F5A553-B3D0-4EF2-AF26-2882F183557D}.Ad-Hoc|iPhoneSimulator.Build.0 = Release|Any CPU
		{E8F5A553-B3D0-4EF2-AF26-2882F183557D}.Ad-Hoc|x64.ActiveCfg = Release|Any CPU
		{E8F5A553-B3D0-4EF2-AF26-2882F183557D}.Ad-Hoc|x64.Build.0 = Release|Any CPU
		{E8F5A553-B3D0-4EF2-AF26-2882F183557D}.Ad-Hoc|x86.ActiveCfg = Release|Any CPU
		{E8F5A553-B3D0-4EF2-AF26-2882F183557D}.Ad-Hoc|x86.Build.0 = Release|Any CPU
		{E8F5A553-B3D0-4EF2-AF26-2882F183557D}.AppStore|Any CPU.ActiveCfg = Release|Any CPU
		{E8F5A553-B3D0-4EF2-AF26-2882F183557D}.AppStore|Any CPU.Build.0 = Release|Any CPU
		{E8F5A553-B3D0-4EF2-AF26-2882F183557D}.AppStore|ARM.ActiveCfg = Release|Any CPU
		{E8F5A553-B3D0-4EF2-AF26-2882F183557D}.AppStore|ARM.Build.0 = Release|Any CPU
		{E8F5A553-B3D0-4EF2-AF26-2882F183557D}.AppStore|iPhone.ActiveCfg = Release|Any CPU
		{E8F5A553-B3D0-4EF2-AF26-2882F183557D}.AppStore|iPhone.Build.0 = Release|Any CPU
		{E8F5A553-B3D0-4EF2-AF26-2882F183557D}.AppStore|iPhoneSimulator.ActiveCfg = Release|Any CPU
		{E8F5A553-B3D0-4EF2-AF26-2882F183557D}.AppStore|iPhoneSimulator.Build.0 = Release|Any CPU
		{E8F5A553-B3D0-4EF2-AF26-2882F183557D}.AppStore|x64.ActiveCfg = Release|Any CPU
		{E8F5A553-B3D0-4EF2-AF26-2882F183557D}.AppStore|x64.Build.0 = Release|Any CPU
		{E8F5A553-B3D0-4EF2-AF26-2882F183557D}.AppStore|x86.ActiveCfg = Release|Any CPU
		{E8F5A553-B3D0-4EF2-AF26-2882F183557D}.AppStore|x86.Build.0 = Release|Any CPU
		{E8F5A553-B3D0-4EF2-AF26-2882F183557D}.Debug|Any CPU.ActiveCfg = Debug|Any CPU
		{E8F5A553-B3D0-4EF2-AF26-2882F183557D}.Debug|Any CPU.Build.0 = Debug|Any CPU
		{E8F5A553-B3D0-4EF2-AF26-2882F183557D}.Debug|ARM.ActiveCfg = Debug|Any CPU
		{E8F5A553-B3D0-4EF2-AF26-2882F183557D}.Debug|ARM.Build.0 = Debug|Any CPU
		{E8F5A553-B3D0-4EF2-AF26-2882F183557D}.Debug|iPhone.ActiveCfg = Debug|Any CPU
		{E8F5A553-B3D0-4EF2-AF26-2882F183557D}.Debug|iPhone.Build.0 = Debug|Any CPU
		{E8F5A553-B3D0-4EF2-AF26-2882F183557D}.Debug|iPhoneSimulator.ActiveCfg = Debug|Any CPU
		{E8F5A553-B3D0-4EF2-AF26-2882F183557D}.Debug|iPhoneSimulator.Build.0 = Debug|Any CPU
		{E8F5A553-B3D0-4EF2-AF26-2882F183557D}.Debug|x64.ActiveCfg = Debug|Any CPU
		{E8F5A553-B3D0-4EF2-AF26-2882F183557D}.Debug|x64.Build.0 = Debug|Any CPU
		{E8F5A553-B3D0-4EF2-AF26-2882F183557D}.Debug|x86.ActiveCfg = Debug|Any CPU
		{E8F5A553-B3D0-4EF2-AF26-2882F183557D}.Debug|x86.Build.0 = Debug|Any CPU
		{E8F5A553-B3D0-4EF2-AF26-2882F183557D}.Release|Any CPU.ActiveCfg = Release|Any CPU
		{E8F5A553-B3D0-4EF2-AF26-2882F183557D}.Release|Any CPU.Build.0 = Release|Any CPU
		{E8F5A553-B3D0-4EF2-AF26-2882F183557D}.Release|ARM.ActiveCfg = Release|Any CPU
		{E8F5A553-B3D0-4EF2-AF26-2882F183557D}.Release|ARM.Build.0 = Release|Any CPU
		{E8F5A553-B3D0-4EF2-AF26-2882F183557D}.Release|iPhone.ActiveCfg = Release|Any CPU
		{E8F5A553-B3D0-4EF2-AF26-2882F183557D}.Release|iPhone.Build.0 = Release|Any CPU
		{E8F5A553-B3D0-4EF2-AF26-2882F183557D}.Release|iPhoneSimulator.ActiveCfg = Release|Any CPU
		{E8F5A553-B3D0-4EF2-AF26-2882F183557D}.Release|iPhoneSimulator.Build.0 = Release|Any CPU
		{E8F5A553-B3D0-4EF2-AF26-2882F183557D}.Release|x64.ActiveCfg = Release|Any CPU
		{E8F5A553-B3D0-4EF2-AF26-2882F183557D}.Release|x64.Build.0 = Release|Any CPU
		{E8F5A553-B3D0-4EF2-AF26-2882F183557D}.Release|x86.ActiveCfg = Release|Any CPU
		{E8F5A553-B3D0-4EF2-AF26-2882F183557D}.Release|x86.Build.0 = Release|Any CPU
		{3DBC6A5B-5FB1-4A0B-A10A-F033294C8511}.Ad-Hoc|Any CPU.ActiveCfg = Ad-Hoc|iPhoneSimulator
		{3DBC6A5B-5FB1-4A0B-A10A-F033294C8511}.Ad-Hoc|ARM.ActiveCfg = Ad-Hoc|iPhone
		{3DBC6A5B-5FB1-4A0B-A10A-F033294C8511}.Ad-Hoc|iPhone.ActiveCfg = Ad-Hoc|iPhone
		{3DBC6A5B-5FB1-4A0B-A10A-F033294C8511}.Ad-Hoc|iPhone.Build.0 = Ad-Hoc|iPhone
		{3DBC6A5B-5FB1-4A0B-A10A-F033294C8511}.Ad-Hoc|iPhoneSimulator.ActiveCfg = Ad-Hoc|iPhoneSimulator
		{3DBC6A5B-5FB1-4A0B-A10A-F033294C8511}.Ad-Hoc|iPhoneSimulator.Build.0 = Ad-Hoc|iPhoneSimulator
		{3DBC6A5B-5FB1-4A0B-A10A-F033294C8511}.Ad-Hoc|x64.ActiveCfg = Ad-Hoc|iPhone
		{3DBC6A5B-5FB1-4A0B-A10A-F033294C8511}.Ad-Hoc|x86.ActiveCfg = Ad-Hoc|iPhone
		{3DBC6A5B-5FB1-4A0B-A10A-F033294C8511}.AppStore|Any CPU.ActiveCfg = AppStore|iPhoneSimulator
		{3DBC6A5B-5FB1-4A0B-A10A-F033294C8511}.AppStore|ARM.ActiveCfg = AppStore|iPhone
		{3DBC6A5B-5FB1-4A0B-A10A-F033294C8511}.AppStore|iPhone.ActiveCfg = AppStore|iPhone
		{3DBC6A5B-5FB1-4A0B-A10A-F033294C8511}.AppStore|iPhone.Build.0 = AppStore|iPhone
		{3DBC6A5B-5FB1-4A0B-A10A-F033294C8511}.AppStore|iPhoneSimulator.ActiveCfg = AppStore|iPhoneSimulator
		{3DBC6A5B-5FB1-4A0B-A10A-F033294C8511}.AppStore|iPhoneSimulator.Build.0 = AppStore|iPhoneSimulator
		{3DBC6A5B-5FB1-4A0B-A10A-F033294C8511}.AppStore|x64.ActiveCfg = AppStore|iPhone
		{3DBC6A5B-5FB1-4A0B-A10A-F033294C8511}.AppStore|x86.ActiveCfg = AppStore|iPhone
		{3DBC6A5B-5FB1-4A0B-A10A-F033294C8511}.Debug|Any CPU.ActiveCfg = Debug|iPhoneSimulator
		{3DBC6A5B-5FB1-4A0B-A10A-F033294C8511}.Debug|ARM.ActiveCfg = Debug|iPhone
		{3DBC6A5B-5FB1-4A0B-A10A-F033294C8511}.Debug|iPhone.ActiveCfg = Debug|iPhone
		{3DBC6A5B-5FB1-4A0B-A10A-F033294C8511}.Debug|iPhone.Build.0 = Debug|iPhone
		{3DBC6A5B-5FB1-4A0B-A10A-F033294C8511}.Debug|iPhoneSimulator.ActiveCfg = Debug|iPhoneSimulator
		{3DBC6A5B-5FB1-4A0B-A10A-F033294C8511}.Debug|iPhoneSimulator.Build.0 = Debug|iPhoneSimulator
		{3DBC6A5B-5FB1-4A0B-A10A-F033294C8511}.Debug|x64.ActiveCfg = Debug|iPhone
		{3DBC6A5B-5FB1-4A0B-A10A-F033294C8511}.Debug|x86.ActiveCfg = Debug|iPhone
		{3DBC6A5B-5FB1-4A0B-A10A-F033294C8511}.Release|Any CPU.ActiveCfg = Release|iPhoneSimulator
		{3DBC6A5B-5FB1-4A0B-A10A-F033294C8511}.Release|ARM.ActiveCfg = Release|iPhone
		{3DBC6A5B-5FB1-4A0B-A10A-F033294C8511}.Release|iPhone.ActiveCfg = Release|iPhone
		{3DBC6A5B-5FB1-4A0B-A10A-F033294C8511}.Release|iPhone.Build.0 = Release|iPhone
		{3DBC6A5B-5FB1-4A0B-A10A-F033294C8511}.Release|iPhoneSimulator.ActiveCfg = Release|iPhoneSimulator
		{3DBC6A5B-5FB1-4A0B-A10A-F033294C8511}.Release|iPhoneSimulator.Build.0 = Release|iPhoneSimulator
		{3DBC6A5B-5FB1-4A0B-A10A-F033294C8511}.Release|x64.ActiveCfg = Release|iPhone
		{3DBC6A5B-5FB1-4A0B-A10A-F033294C8511}.Release|x86.ActiveCfg = Release|iPhone
	EndGlobalSection
	GlobalSection(SolutionProperties) = preSolution
		HideSolutionNode = FALSE
	EndGlobalSection
	GlobalSection(ExtensibilityGlobals) = postSolution
		SolutionGuid = {FD8FCFE1-553A-41F9-923E-EAABB44B69FF}
	EndGlobalSection
EndGlobal
